// !$*UTF8*$!
{
	archiveVersion = 1;
	classes = {
	};
	objectVersion = 48;
	objects = {

/* Begin PBXBuildFile section */
		6E8A1D7420E48668001A1662 /* UIView+Exchange.m in Sources */ = {isa = PBXBuildFile; fileRef = 6E8A1D7320E48668001A1662 /* UIView+Exchange.m */; };
		6E8A1D7720E48B83001A1662 /* UIView+Test.m in Sources */ = {isa = PBXBuildFile; fileRef = 6E8A1D7620E48B83001A1662 /* UIView+Test.m */; };
		6EFCAC1720E370EC0073C297 /* AppDelegate.m in Sources */ = {isa = PBXBuildFile; fileRef = 6EFCAC1620E370EC0073C297 /* AppDelegate.m */; };
		6EFCAC1A20E370EC0073C297 /* ViewController.m in Sources */ = {isa = PBXBuildFile; fileRef = 6EFCAC1920E370EC0073C297 /* ViewController.m */; };
		6EFCAC1D20E370EC0073C297 /* Main.storyboard in Resources */ = {isa = PBXBuildFile; fileRef = 6EFCAC1B20E370EC0073C297 /* Main.storyboard */; };
		6EFCAC1F20E370EC0073C297 /* Assets.xcassets in Resources */ = {isa = PBXBuildFile; fileRef = 6EFCAC1E20E370EC0073C297 /* Assets.xcassets */; };
		6EFCAC2220E370EC0073C297 /* LaunchScreen.storyboard in Resources */ = {isa = PBXBuildFile; fileRef = 6EFCAC2020E370EC0073C297 /* LaunchScreen.storyboard */; };
		6EFCAC2520E370EC0073C297 /* main.m in Sources */ = {isa = PBXBuildFile; fileRef = 6EFCAC2420E370EC0073C297 /* main.m */; };
		6EFCAC2F20E370EC0073C297 /* Runtime_DemoTests.m in Sources */ = {isa = PBXBuildFile; fileRef = 6EFCAC2E20E370EC0073C297 /* Runtime_DemoTests.m */; };
		6EFCAC3A20E370EC0073C297 /* Runtime_DemoUITests.m in Sources */ = {isa = PBXBuildFile; fileRef = 6EFCAC3920E370EC0073C297 /* Runtime_DemoUITests.m */; };
		6EFCAC4D20E372330073C297 /* MessageForward.m in Sources */ = {isa = PBXBuildFile; fileRef = 6EFCAC4C20E372330073C297 /* MessageForward.m */; };
		6EFCAC5020E37ABB0073C297 /* Reserve.m in Sources */ = {isa = PBXBuildFile; fileRef = 6EFCAC4F20E37ABB0073C297 /* Reserve.m */; };
		6EFCAC5320E383D20073C297 /* Man.m in Sources */ = {isa = PBXBuildFile; fileRef = 6EFCAC5220E383D20073C297 /* Man.m */; };
		6EFCAC5620E383EB0073C297 /* Women.m in Sources */ = {isa = PBXBuildFile; fileRef = 6EFCAC5520E383EB0073C297 /* Women.m */; };
		6EFCAC5920E384C70073C297 /* Children.m in Sources */ = {isa = PBXBuildFile; fileRef = 6EFCAC5820E384C70073C297 /* Children.m */; };
/* End PBXBuildFile section */

/* Begin PBXContainerItemProxy section */
		6EFCAC2B20E370EC0073C297 /* PBXContainerItemProxy */ = {
			isa = PBXContainerItemProxy;
			containerPortal = 6EFCAC0A20E370EC0073C297 /* Project object */;
			proxyType = 1;
			remoteGlobalIDString = 6EFCAC1120E370EC0073C297;
			remoteInfo = "Runtime-Demo";
		};
		6EFCAC3620E370EC0073C297 /* PBXContainerItemProxy */ = {
			isa = PBXContainerItemProxy;
			containerPortal = 6EFCAC0A20E370EC0073C297 /* Project object */;
			proxyType = 1;
			remoteGlobalIDString = 6EFCAC1120E370EC0073C297;
			remoteInfo = "Runtime-Demo";
		};
/* End PBXContainerItemProxy section */

/* Begin PBXFileReference section */
		6E8A1D7220E48668001A1662 /* UIView+Exchange.h */ = {isa = PBXFileReference; lastKnownFileType = sourcecode.c.h; path = "UIView+Exchange.h"; sourceTree = "<group>"; };
		6E8A1D7320E48668001A1662 /* UIView+Exchange.m */ = {isa = PBXFileReference; lastKnownFileType = sourcecode.c.objc; path = "UIView+Exchange.m"; sourceTree = "<group>"; };
		6E8A1D7520E48B83001A1662 /* UIView+Test.h */ = {isa = PBXFileReference; lastKnownFileType = sourcecode.c.h; path = "UIView+Test.h"; sourceTree = "<group>"; };
		6E8A1D7620E48B83001A1662 /* UIView+Test.m */ = {isa = PBXFileReference; lastKnownFileType = sourcecode.c.objc; path = "UIView+Test.m"; sourceTree = "<group>"; };
		6EFCAC1220E370EC0073C297 /* Runtime-Demo.app */ = {isa = PBXFileReference; explicitFileType = wrapper.application; includeInIndex = 0; path = "Runtime-Demo.app"; sourceTree = BUILT_PRODUCTS_DIR; };
		6EFCAC1520E370EC0073C297 /* AppDelegate.h */ = {isa = PBXFileReference; lastKnownFileType = sourcecode.c.h; path = AppDelegate.h; sourceTree = "<group>"; };
		6EFCAC1620E370EC0073C297 /* AppDelegate.m */ = {isa = PBXFileReference; lastKnownFileType = sourcecode.c.objc; path = AppDelegate.m; sourceTree = "<group>"; };
		6EFCAC1820E370EC0073C297 /* ViewController.h */ = {isa = PBXFileReference; lastKnownFileType = sourcecode.c.h; path = ViewController.h; sourceTree = "<group>"; };
		6EFCAC1920E370EC0073C297 /* ViewController.m */ = {isa = PBXFileReference; lastKnownFileType = sourcecode.c.objc; path = ViewController.m; sourceTree = "<group>"; };
		6EFCAC1C20E370EC0073C297 /* Base */ = {isa = PBXFileReference; lastKnownFileType = file.storyboard; name = Base; path = Base.lproj/Main.storyboard; sourceTree = "<group>"; };
		6EFCAC1E20E370EC0073C297 /* Assets.xcassets */ = {isa = PBXFileReference; lastKnownFileType = folder.assetcatalog; path = Assets.xcassets; sourceTree = "<group>"; };
		6EFCAC2120E370EC0073C297 /* Base */ = {isa = PBXFileReference; lastKnownFileType = file.storyboard; name = Base; path = Base.lproj/LaunchScreen.storyboard; sourceTree = "<group>"; };
		6EFCAC2320E370EC0073C297 /* Info.plist */ = {isa = PBXFileReference; lastKnownFileType = text.plist.xml; path = Info.plist; sourceTree = "<group>"; };
		6EFCAC2420E370EC0073C297 /* main.m */ = {isa = PBXFileReference; lastKnownFileType = sourcecode.c.objc; path = main.m; sourceTree = "<group>"; };
		6EFCAC2A20E370EC0073C297 /* Runtime-DemoTests.xctest */ = {isa = PBXFileReference; explicitFileType = wrapper.cfbundle; includeInIndex = 0; path = "Runtime-DemoTests.xctest"; sourceTree = BUILT_PRODUCTS_DIR; };
		6EFCAC2E20E370EC0073C297 /* Runtime_DemoTests.m */ = {isa = PBXFileReference; lastKnownFileType = sourcecode.c.objc; path = Runtime_DemoTests.m; sourceTree = "<group>"; };
		6EFCAC3020E370EC0073C297 /* Info.plist */ = {isa = PBXFileReference; lastKnownFileType = text.plist.xml; path = Info.plist; sourceTree = "<group>"; };
		6EFCAC3520E370EC0073C297 /* Runtime-DemoUITests.xctest */ = {isa = PBXFileReference; explicitFileType = wrapper.cfbundle; includeInIndex = 0; path = "Runtime-DemoUITests.xctest"; sourceTree = BUILT_PRODUCTS_DIR; };
		6EFCAC3920E370EC0073C297 /* Runtime_DemoUITests.m */ = {isa = PBXFileReference; lastKnownFileType = sourcecode.c.objc; path = Runtime_DemoUITests.m; sourceTree = "<group>"; };
		6EFCAC3B20E370EC0073C297 /* Info.plist */ = {isa = PBXFileReference; lastKnownFileType = text.plist.xml; path = Info.plist; sourceTree = "<group>"; };
		6EFCAC4B20E372330073C297 /* MessageForward.h */ = {isa = PBXFileReference; lastKnownFileType = sourcecode.c.h; path = MessageForward.h; sourceTree = "<group>"; };
		6EFCAC4C20E372330073C297 /* MessageForward.m */ = {isa = PBXFileReference; lastKnownFileType = sourcecode.c.objc; path = MessageForward.m; sourceTree = "<group>"; };
		6EFCAC4E20E37ABB0073C297 /* Reserve.h */ = {isa = PBXFileReference; lastKnownFileType = sourcecode.c.h; path = Reserve.h; sourceTree = "<group>"; };
		6EFCAC4F20E37ABB0073C297 /* Reserve.m */ = {isa = PBXFileReference; lastKnownFileType = sourcecode.c.objc; path = Reserve.m; sourceTree = "<group>"; };
		6EFCAC5120E383D20073C297 /* Man.h */ = {isa = PBXFileReference; lastKnownFileType = sourcecode.c.h; path = Man.h; sourceTree = "<group>"; };
		6EFCAC5220E383D20073C297 /* Man.m */ = {isa = PBXFileReference; lastKnownFileType = sourcecode.c.objc; path = Man.m; sourceTree = "<group>"; };
		6EFCAC5420E383EB0073C297 /* Women.h */ = {isa = PBXFileReference; lastKnownFileType = sourcecode.c.h; path = Women.h; sourceTree = "<group>"; };
		6EFCAC5520E383EB0073C297 /* Women.m */ = {isa = PBXFileReference; lastKnownFileType = sourcecode.c.objc; path = Women.m; sourceTree = "<group>"; };
		6EFCAC5720E384C70073C297 /* Children.h */ = {isa = PBXFileReference; lastKnownFileType = sourcecode.c.h; path = Children.h; sourceTree = "<group>"; };
		6EFCAC5820E384C70073C297 /* Children.m */ = {isa = PBXFileReference; lastKnownFileType = sourcecode.c.objc; path = Children.m; sourceTree = "<group>"; };
/* End PBXFileReference section */

/* Begin PBXFrameworksBuildPhase section */
		6EFCAC0F20E370EC0073C297 /* Frameworks */ = {
			isa = PBXFrameworksBuildPhase;
			buildActionMask = 2147483647;
			files = (
			);
			runOnlyForDeploymentPostprocessing = 0;
		};
		6EFCAC2720E370EC0073C297 /* Frameworks */ = {
			isa = PBXFrameworksBuildPhase;
			buildActionMask = 2147483647;
			files = (
			);
			runOnlyForDeploymentPostprocessing = 0;
		};
		6EFCAC3220E370EC0073C297 /* Frameworks */ = {
			isa = PBXFrameworksBuildPhase;
			buildActionMask = 2147483647;
			files = (
			);
			runOnlyForDeploymentPostprocessing = 0;
		};
/* End PBXFrameworksBuildPhase section */

/* Begin PBXGroup section */
		6EFCAC0920E370EC0073C297 = {
			isa = PBXGroup;
			children = (
				6EFCAC1420E370EC0073C297 /* Runtime-Demo */,
				6EFCAC2D20E370EC0073C297 /* Runtime-DemoTests */,
				6EFCAC3820E370EC0073C297 /* Runtime-DemoUITests */,
				6EFCAC1320E370EC0073C297 /* Products */,
			);
			sourceTree = "<group>";
		};
		6EFCAC1320E370EC0073C297 /* Products */ = {
			isa = PBXGroup;
			children = (
				6EFCAC1220E370EC0073C297 /* Runtime-Demo.app */,
				6EFCAC2A20E370EC0073C297 /* Runtime-DemoTests.xctest */,
				6EFCAC3520E370EC0073C297 /* Runtime-DemoUITests.xctest */,
			);
			name = Products;
			sourceTree = "<group>";
		};
		6EFCAC1420E370EC0073C297 /* Runtime-Demo */ = {
			isa = PBXGroup;
			children = (
				6EFCAC1520E370EC0073C297 /* AppDelegate.h */,
				6EFCAC1620E370EC0073C297 /* AppDelegate.m */,
				6EFCAC1820E370EC0073C297 /* ViewController.h */,
				6EFCAC1920E370EC0073C297 /* ViewController.m */,
				6EFCAC4A20E371730073C297 /* 给分类添加属性 */,
				6EFCAC4720E371060073C297 /* 消息转发 */,
				6EFCAC4820E3714F0073C297 /* 动态交换方法 */,
				6EFCAC4920E3715F0073C297 /* 实现多继承 */,
				6EFCAC1B20E370EC0073C297 /* Main.storyboard */,
				6EFCAC1E20E370EC0073C297 /* Assets.xcassets */,
				6EFCAC2020E370EC0073C297 /* LaunchScreen.storyboard */,
				6EFCAC2320E370EC0073C297 /* Info.plist */,
				6EFCAC2420E370EC0073C297 /* main.m */,
			);
			path = "Runtime-Demo";
			sourceTree = "<group>";
		};
		6EFCAC2D20E370EC0073C297 /* Runtime-DemoTests */ = {
			isa = PBXGroup;
			children = (
				6EFCAC2E20E370EC0073C297 /* Runtime_DemoTests.m */,
				6EFCAC3020E370EC0073C297 /* Info.plist */,
			);
			path = "Runtime-DemoTests";
			sourceTree = "<group>";
		};
		6EFCAC3820E370EC0073C297 /* Runtime-DemoUITests */ = {
			isa = PBXGroup;
			children = (
				6EFCAC3920E370EC0073C297 /* Runtime_DemoUITests.m */,
				6EFCAC3B20E370EC0073C297 /* Info.plist */,
			);
			path = "Runtime-DemoUITests";
			sourceTree = "<group>";
		};
		6EFCAC4720E371060073C297 /* 消息转发 */ = {
			isa = PBXGroup;
			children = (
				6EFCAC4B20E372330073C297 /* MessageForward.h */,
				6EFCAC4C20E372330073C297 /* MessageForward.m */,
				6EFCAC4E20E37ABB0073C297 /* Reserve.h */,
				6EFCAC4F20E37ABB0073C297 /* Reserve.m */,
			);
			path = "消息转发";
			sourceTree = "<group>";
		};
		6EFCAC4820E3714F0073C297 /* 动态交换方法 */ = {
			isa = PBXGroup;
			children = (
				6E8A1D7220E48668001A1662 /* UIView+Exchange.h */,
				6E8A1D7320E48668001A1662 /* UIView+Exchange.m */,
			);
			path = "动态交换方法";
			sourceTree = "<group>";
		};
		6EFCAC4920E3715F0073C297 /* 实现多继承 */ = {
			isa = PBXGroup;
			children = (
				6EFCAC5120E383D20073C297 /* Man.h */,
				6EFCAC5220E383D20073C297 /* Man.m */,
				6EFCAC5420E383EB0073C297 /* Women.h */,
				6EFCAC5520E383EB0073C297 /* Women.m */,
				6EFCAC5720E384C70073C297 /* Children.h */,
				6EFCAC5820E384C70073C297 /* Children.m */,
			);
			path = "实现多继承";
			sourceTree = "<group>";
		};
		6EFCAC4A20E371730073C297 /* 给分类添加属性 */ = {
			isa = PBXGroup;
			children = (
				6E8A1D7520E48B83001A1662 /* UIView+Test.h */,
				6E8A1D7620E48B83001A1662 /* UIView+Test.m */,
			);
			path = "给分类添加属性";
			sourceTree = "<group>";
		};
/* End PBXGroup section */

/* Begin PBXNativeTarget section */
		6EFCAC1120E370EC0073C297 /* Runtime-Demo */ = {
			isa = PBXNativeTarget;
			buildConfigurationList = 6EFCAC3E20E370EC0073C297 /* Build configuration list for PBXNativeTarget "Runtime-Demo" */;
			buildPhases = (
				6EFCAC0E20E370EC0073C297 /* Sources */,
				6EFCAC0F20E370EC0073C297 /* Frameworks */,
				6EFCAC1020E370EC0073C297 /* Resources */,
			);
			buildRules = (
			);
			dependencies = (
			);
			name = "Runtime-Demo";
			productName = "Runtime-Demo";
			productReference = 6EFCAC1220E370EC0073C297 /* Runtime-Demo.app */;
			productType = "com.apple.product-type.application";
		};
		6EFCAC2920E370EC0073C297 /* Runtime-DemoTests */ = {
			isa = PBXNativeTarget;
			buildConfigurationList = 6EFCAC4120E370EC0073C297 /* Build configuration list for PBXNativeTarget "Runtime-DemoTests" */;
			buildPhases = (
				6EFCAC2620E370EC0073C297 /* Sources */,
				6EFCAC2720E370EC0073C297 /* Frameworks */,
				6EFCAC2820E370EC0073C297 /* Resources */,
			);
			buildRules = (
			);
			dependencies = (
				6EFCAC2C20E370EC0073C297 /* PBXTargetDependency */,
			);
			name = "Runtime-DemoTests";
			productName = "Runtime-DemoTests";
			productReference = 6EFCAC2A20E370EC0073C297 /* Runtime-DemoTests.xctest */;
			productType = "com.apple.product-type.bundle.unit-test";
		};
		6EFCAC3420E370EC0073C297 /* Runtime-DemoUITests */ = {
			isa = PBXNativeTarget;
			buildConfigurationList = 6EFCAC4420E370EC0073C297 /* Build configuration list for PBXNativeTarget "Runtime-DemoUITests" */;
			buildPhases = (
				6EFCAC3120E370EC0073C297 /* Sources */,
				6EFCAC3220E370EC0073C297 /* Frameworks */,
				6EFCAC3320E370EC0073C297 /* Resources */,
			);
			buildRules = (
			);
			dependencies = (
				6EFCAC3720E370EC0073C297 /* PBXTargetDependency */,
			);
			name = "Runtime-DemoUITests";
			productName = "Runtime-DemoUITests";
			productReference = 6EFCAC3520E370EC0073C297 /* Runtime-DemoUITests.xctest */;
			productType = "com.apple.product-type.bundle.ui-testing";
		};
/* End PBXNativeTarget section */

/* Begin PBXProject section */
		6EFCAC0A20E370EC0073C297 /* Project object */ = {
			isa = PBXProject;
			attributes = {
				LastUpgradeCheck = 0910;
				ORGANIZATIONNAME = sunxu;
				TargetAttributes = {
					6EFCAC1120E370EC0073C297 = {
						CreatedOnToolsVersion = 9.1;
						ProvisioningStyle = Automatic;
					};
					6EFCAC2920E370EC0073C297 = {
						CreatedOnToolsVersion = 9.1;
						ProvisioningStyle = Automatic;
						TestTargetID = 6EFCAC1120E370EC0073C297;
					};
					6EFCAC3420E370EC0073C297 = {
						CreatedOnToolsVersion = 9.1;
						ProvisioningStyle = Automatic;
						TestTargetID = 6EFCAC1120E370EC0073C297;
					};
				};
			};
			buildConfigurationList = 6EFCAC0D20E370EC0073C297 /* Build configuration list for PBXProject "Runtime-Demo" */;
			compatibilityVersion = "Xcode 8.0";
			developmentRegion = en;
			hasScannedForEncodings = 0;
			knownRegions = (
				en,
				Base,
			);
			mainGroup = 6EFCAC0920E370EC0073C297;
			productRefGroup = 6EFCAC1320E370EC0073C297 /* Products */;
			projectDirPath = "";
			projectRoot = "";
			targets = (
				6EFCAC1120E370EC0073C297 /* Runtime-Demo */,
				6EFCAC2920E370EC0073C297 /* Runtime-DemoTests */,
				6EFCAC3420E370EC0073C297 /* Runtime-DemoUITests */,
			);
		};
/* End PBXProject section */

/* Begin PBXResourcesBuildPhase section */
		6EFCAC1020E370EC0073C297 /* Resources */ = {
			isa = PBXResourcesBuildPhase;
			buildActionMask = 2147483647;
			files = (
				6EFCAC2220E370EC0073C297 /* LaunchScreen.storyboard in Resources */,
				6EFCAC1F20E370EC0073C297 /* Assets.xcassets in Resources */,
				6EFCAC1D20E370EC0073C297 /* Main.storyboard in Resources */,
			);
			runOnlyForDeploymentPostprocessing = 0;
		};
		6EFCAC2820E370EC0073C297 /* Resources */ = {
			isa = PBXResourcesBuildPhase;
			buildActionMask = 2147483647;
			files = (
			);
			runOnlyForDeploymentPostprocessing = 0;
		};
		6EFCAC3320E370EC0073C297 /* Resources */ = {
			isa = PBXResourcesBuildPhase;
			buildActionMask = 2147483647;
			files = (
			);
			runOnlyForDeploymentPostprocessing = 0;
		};
/* End PBXResourcesBuildPhase section */

/* Begin PBXSourcesBuildPhase section */
		6EFCAC0E20E370EC0073C297 /* Sources */ = {
			isa = PBXSourcesBuildPhase;
			buildActionMask = 2147483647;
			files = (
				6EFCAC5620E383EB0073C297 /* Women.m in Sources */,
				6EFCAC5320E383D20073C297 /* Man.m in Sources */,
				6EFCAC1A20E370EC0073C297 /* ViewController.m in Sources */,
				6EFCAC4D20E372330073C297 /* MessageForward.m in Sources */,
				6E8A1D7420E48668001A1662 /* UIView+Exchange.m in Sources */,
				6EFCAC5020E37ABB0073C297 /* Reserve.m in Sources */,
				6E8A1D7720E48B83001A1662 /* UIView+Test.m in Sources */,
				6EFCAC2520E370EC0073C297 /* main.m in Sources */,
				6EFCAC5920E384C70073C297 /* Children.m in Sources */,
				6EFCAC1720E370EC0073C297 /* AppDelegate.m in Sources */,
			);
			runOnlyForDeploymentPostprocessing = 0;
		};
		6EFCAC2620E370EC0073C297 /* Sources */ = {
			isa = PBXSourcesBuildPhase;
			buildActionMask = 2147483647;
			files = (
				6EFCAC2F20E370EC0073C297 /* Runtime_DemoTests.m in Sources */,
			);
			runOnlyForDeploymentPostprocessing = 0;
		};
		6EFCAC3120E370EC0073C297 /* Sources */ = {
			isa = PBXSourcesBuildPhase;
			buildActionMask = 2147483647;
			files = (
				6EFCAC3A20E370EC0073C297 /* Runtime_DemoUITests.m in Sources */,
			);
			runOnlyForDeploymentPostprocessing = 0;
		};
/* End PBXSourcesBuildPhase section */

/* Begin PBXTargetDependency section */
		6EFCAC2C20E370EC0073C297 /* PBXTargetDependency */ = {
			isa = PBXTargetDependency;
			target = 6EFCAC1120E370EC0073C297 /* Runtime-Demo */;
			targetProxy = 6EFCAC2B20E370EC0073C297 /* PBXContainerItemProxy */;
		};
		6EFCAC3720E370EC0073C297 /* PBXTargetDependency */ = {
			isa = PBXTargetDependency;
			target = 6EFCAC1120E370EC0073C297 /* Runtime-Demo */;
			targetProxy = 6EFCAC3620E370EC0073C297 /* PBXContainerItemProxy */;
		};
/* End PBXTargetDependency section */

/* Begin PBXVariantGroup section */
		6EFCAC1B20E370EC0073C297 /* Main.storyboard */ = {
			isa = PBXVariantGroup;
			children = (
				6EFCAC1C20E370EC0073C297 /* Base */,
			);
			name = Main.storyboard;
			sourceTree = "<group>";
		};
		6EFCAC2020E370EC0073C297 /* LaunchScreen.storyboard */ = {
			isa = PBXVariantGroup;
			children = (
				6EFCAC2120E370EC0073C297 /* Base */,
			);
			name = LaunchScreen.storyboard;
			sourceTree = "<group>";
		};
/* End PBXVariantGroup section */

/* Begin XCBuildConfiguration section */
		6EFCAC3C20E370EC0073C297 /* Debug */ = {
			isa = XCBuildConfiguration;
			buildSettings = {
				ALWAYS_SEARCH_USER_PATHS = NO;
				CLANG_ANALYZER_NONNULL = YES;
				CLANG_ANALYZER_NUMBER_OBJECT_CONVERSION = YES_AGGRESSIVE;
				CLANG_CXX_LANGUAGE_STANDARD = "gnu++14";
				CLANG_CXX_LIBRARY = "libc++";
				CLANG_ENABLE_MODULES = YES;
				CLANG_ENABLE_OBJC_ARC = YES;
				CLANG_WARN_BLOCK_CAPTURE_AUTORELEASING = YES;
				CLANG_WARN_BOOL_CONVERSION = YES;
				CLANG_WARN_COMMA = YES;
				CLANG_WARN_CONSTANT_CONVERSION = YES;
				CLANG_WARN_DIRECT_OBJC_ISA_USAGE = YES_ERROR;
				CLANG_WARN_DOCUMENTATION_COMMENTS = YES;
				CLANG_WARN_EMPTY_BODY = YES;
				CLANG_WARN_ENUM_CONVERSION = YES;
				CLANG_WARN_INFINITE_RECURSION = YES;
				CLANG_WARN_INT_CONVERSION = YES;
				CLANG_WARN_NON_LITERAL_NULL_CONVERSION = YES;
				CLANG_WARN_OBJC_LITERAL_CONVERSION = YES;
				CLANG_WARN_OBJC_ROOT_CLASS = YES_ERROR;
				CLANG_WARN_RANGE_LOOP_ANALYSIS = YES;
				CLANG_WARN_STRICT_PROTOTYPES = YES;
				CLANG_WARN_SUSPICIOUS_MOVE = YES;
				CLANG_WARN_UNGUARDED_AVAILABILITY = YES_AGGRESSIVE;
				CLANG_WARN_UNREACHABLE_CODE = YES;
				CLANG_WARN__DUPLICATE_METHOD_MATCH = YES;
				CODE_SIGN_IDENTITY = "iPhone Developer";
				COPY_PHASE_STRIP = NO;
				DEBUG_INFORMATION_FORMAT = dwarf;
				ENABLE_STRICT_OBJC_MSGSEND = YES;
				ENABLE_TESTABILITY = YES;
				GCC_C_LANGUAGE_STANDARD = gnu11;
				GCC_DYNAMIC_NO_PIC = NO;
				GCC_NO_COMMON_BLOCKS = YES;
				GCC_OPTIMIZATION_LEVEL = 0;
				GCC_PREPROCESSOR_DEFINITIONS = (
					"DEBUG=1",
					"$(inherited)",
				);
				GCC_WARN_64_TO_32_BIT_CONVERSION = YES;
				GCC_WARN_ABOUT_RETURN_TYPE = YES_ERROR;
				GCC_WARN_UNDECLARED_SELECTOR = YES;
				GCC_WARN_UNINITIALIZED_AUTOS = YES_AGGRESSIVE;
				GCC_WARN_UNUSED_FUNCTION = YES;
				GCC_WARN_UNUSED_VARIABLE = YES;
				IPHONEOS_DEPLOYMENT_TARGET = 11.1;
				MTL_ENABLE_DEBUG_INFO = YES;
				ONLY_ACTIVE_ARCH = YES;
				SDKROOT = iphoneos;
			};
			name = Debug;
		};
		6EFCAC3D20E370EC0073C297 /* Release */ = {
			isa = XCBuildConfiguration;
			buildSettings = {
				ALWAYS_SEARCH_USER_PATHS = NO;
				CLANG_ANALYZER_NONNULL = YES;
				CLANG_ANALYZER_NUMBER_OBJECT_CONVERSION = YES_AGGRESSIVE;
				CLANG_CXX_LANGUAGE_STANDARD = "gnu++14";
				CLANG_CXX_LIBRARY = "libc++";
				CLANG_ENABLE_MODULES = YES;
				CLANG_ENABLE_OBJC_ARC = YES;
				CLANG_WARN_BLOCK_CAPTURE_AUTORELEASING = YES;
				CLANG_WARN_BOOL_CONVERSION = YES;
				CLANG_WARN_COMMA = YES;
				CLANG_WARN_CONSTANT_CONVERSION = YES;
				CLANG_WARN_DIRECT_OBJC_ISA_USAGE = YES_ERROR;
				CLANG_WARN_DOCUMENTATION_COMMENTS = YES;
				CLANG_WARN_EMPTY_BODY = YES;
				CLANG_WARN_ENUM_CONVERSION = YES;
				CLANG_WARN_INFINITE_RECURSION = YES;
				CLANG_WARN_INT_CONVERSION = YES;
				CLANG_WARN_NON_LITERAL_NULL_CONVERSION = YES;
				CLANG_WARN_OBJC_LITERAL_CONVERSION = YES;
				CLANG_WARN_OBJC_ROOT_CLASS = YES_ERROR;
				CLANG_WARN_RANGE_LOOP_ANALYSIS = YES;
				CLANG_WARN_STRICT_PROTOTYPES = YES;
				CLANG_WARN_SUSPICIOUS_MOVE = YES;
				CLANG_WARN_UNGUARDED_AVAILABILITY = YES_AGGRESSIVE;
				CLANG_WARN_UNREACHABLE_CODE = YES;
				CLANG_WARN__DUPLICATE_METHOD_MATCH = YES;
				CODE_SIGN_IDENTITY = "iPhone Developer";
				COPY_PHASE_STRIP = NO;
				DEBUG_INFORMATION_FORMAT = "dwarf-with-dsym";
				ENABLE_NS_ASSERTIONS = NO;
				ENABLE_STRICT_OBJC_MSGSEND = YES;
				GCC_C_LANGUAGE_STANDARD = gnu11;
				GCC_NO_COMMON_BLOCKS = YES;
				GCC_WARN_64_TO_32_BIT_CONVERSION = YES;
				GCC_WARN_ABOUT_RETURN_TYPE = YES_ERROR;
				GCC_WARN_UNDECLARED_SELECTOR = YES;
				GCC_WARN_UNINITIALIZED_AUTOS = YES_AGGRESSIVE;
				GCC_WARN_UNUSED_FUNCTION = YES;
				GCC_WARN_UNUSED_VARIABLE = YES;
				IPHONEOS_DEPLOYMENT_TARGET = 11.1;
				MTL_ENABLE_DEBUG_INFO = NO;
				SDKROOT = iphoneos;
				VALIDATE_PRODUCT = YES;
			};
			name = Release;
		};
		6EFCAC3F20E370EC0073C297 /* Debug */ = {
			isa = XCBuildConfiguration;
			buildSettings = {
				ASSETCATALOG_COMPILER_APPICON_NAME = AppIcon;
				CODE_SIGN_STYLE = Automatic;
				INFOPLIST_FILE = "Runtime-Demo/Info.plist";
				LD_RUNPATH_SEARCH_PATHS = "$(inherited) @executable_path/Frameworks";
				PRODUCT_BUNDLE_IDENTIFIER = "com.sunxu.Runtime-Demo";
				PRODUCT_NAME = "$(TARGET_NAME)";
				TARGETED_DEVICE_FAMILY = "1,2";
			};
			name = Debug;
		};
		6EFCAC4020E370EC0073C297 /* Release */ = {
			isa = XCBuildConfiguration;
			buildSettings = {
				ASSETCATALOG_COMPILER_APPICON_NAME = AppIcon;
				CODE_SIGN_STYLE = Automatic;
				INFOPLIST_FILE = "Runtime-Demo/Info.plist";
				LD_RUNPATH_SEARCH_PATHS = "$(inherited) @executable_path/Frameworks";
				PRODUCT_BUNDLE_IDENTIFIER = "com.sunxu.Runtime-Demo";
				PRODUCT_NAME = "$(TARGET_NAME)";
				TARGETED_DEVICE_FAMILY = "1,2";
			};
			name = Release;
		};
		6EFCAC4220E370EC0073C297 /* Debug */ = {
			isa = XCBuildConfiguration;
			buildSettings = {
				BUNDLE_LOADER = "$(TEST_HOST)";
				CODE_SIGN_STYLE = Automatic;
				INFOPLIST_FILE = "Runtime-DemoTests/Info.plist";
				LD_RUNPATH_SEARCH_PATHS = "$(inherited) @executable_path/Frameworks @loader_path/Frameworks";
				PRODUCT_BUNDLE_IDENTIFIER = "com.sunxu.Runtime-DemoTests";
				PRODUCT_NAME = "$(TARGET_NAME)";
				TARGETED_DEVICE_FAMILY = "1,2";
				TEST_HOST = "$(BUILT_PRODUCTS_DIR)/Runtime-Demo.app/Runtime-Demo";
			};
			name = Debug;
		};
		6EFCAC4320E370EC0073C297 /* Release */ = {
			isa = XCBuildConfiguration;
			buildSettings = {
				BUNDLE_LOADER = "$(TEST_HOST)";
				CODE_SIGN_STYLE = Automatic;
				INFOPLIST_FILE = "Runtime-DemoTests/Info.plist";
				LD_RUNPATH_SEARCH_PATHS = "$(inherited) @executable_path/Frameworks @loader_path/Frameworks";
				PRODUCT_BUNDLE_IDENTIFIER = "com.sunxu.Runtime-DemoTests";
				PRODUCT_NAME = "$(TARGET_NAME)";
				TARGETED_DEVICE_FAMILY = "1,2";
				TEST_HOST = "$(BUILT_PRODUCTS_DIR)/Runtime-Demo.app/Runtime-Demo";
			};
			name = Release;
		};
		6EFCAC4520E370EC0073C297 /* Debug */ = {
			isa = XCBuildConfiguration;
			buildSettings = {
				CODE_SIGN_STYLE = Automatic;
				INFOPLIST_FILE = "Runtime-DemoUITests/Info.plist";
				LD_RUNPATH_SEARCH_PATHS = "$(inherited) @executable_path/Frameworks @loader_path/Frameworks";
				PRODUCT_BUNDLE_IDENTIFIER = "com.sunxu.Runtime-DemoUITests";
				PRODUCT_NAME = "$(TARGET_NAME)";
				TARGETED_DEVICE_FAMILY = "1,2";
				TEST_TARGET_NAME = "Runtime-Demo";
			};
			name = Debug;
		};
		6EFCAC4620E370EC0073C297 /* Release */ = {
			isa = XCBuildConfiguration;
			buildSettings = {
				CODE_SIGN_STYLE = Automatic;
				INFOPLIST_FILE = "Runtime-DemoUITests/Info.plist";
				LD_RUNPATH_SEARCH_PATHS = "$(inherited) @executable_path/Frameworks @loader_path/Frameworks";
				PRODUCT_BUNDLE_IDENTIFIER = "com.sunxu.Runtime-DemoUITests";
				PRODUCT_NAME = "$(TARGET_NAME)";
				TARGETED_DEVICE_FAMILY = "1,2";
				TEST_TARGET_NAME = "Runtime-Demo";
			};
			name = Release;
		};
/* End XCBuildConfiguration section */

/* Begin XCConfigurationList section */
		6EFCAC0D20E370EC0073C297 /* Build configuration list for PBXProject "Runtime-Demo" */ = {
			isa = XCConfigurationList;
			buildConfigurations = (
				6EFCAC3C20E370EC0073C297 /* Debug */,
				6EFCAC3D20E370EC0073C297 /* Release */,
			);
			defaultConfigurationIsVisible = 0;
			defaultConfigurationName = Release;
		};
		6EFCAC3E20E370EC0073C297 /* Build configuration list for PBXNativeTarget "Runtime-Demo" */ = {
			isa = XCConfigurationList;
			buildConfigurations = (
				6EFCAC3F20E370EC0073C297 /* Debug */,
				6EFCAC4020E370EC0073C297 /* Release */,
			);
			defaultConfigurationIsVisible = 0;
			defaultConfigurationName = Release;
		};
		6EFCAC4120E370EC0073C297 /* Build configuration list for PBXNativeTarget "Runtime-DemoTests" */ = {
			isa = XCConfigurationList;
			buildConfigurations = (
				6EFCAC4220E370EC0073C297 /* Debug */,
				6EFCAC4320E370EC0073C297 /* Release */,
			);
			defaultConfigurationIsVisible = 0;
			defaultConfigurationName = Release;
		};
		6EFCAC4420E370EC0073C297 /* Build configuration list for PBXNativeTarget "Runtime-DemoUITests" */ = {
			isa = XCConfigurationList;
			buildConfigurations = (
				6EFCAC4520E370EC0073C297 /* Debug */,
				6EFCAC4620E370EC0073C297 /* Release */,
			);
			defaultConfigurationIsVisible = 0;
			defaultConfigurationName = Release;
		};
/* End XCConfigurationList section */
	};
	rootObject = 6EFCAC0A20E370EC0073C297 /* Project object */;
}
